
Microsoft Visual Studio Solution File, Format Version 12.00
# Visual Studio 15
VisualStudioVersion = 15.0.28010.2050
MinimumVisualStudioVersion = 10.0.40219.1
Project("{FAE04EC0-301F-11D3-BF4B-00C04F79EFBC}") = "HelloThere", "HelloThere\HelloThere.csproj", "{FFB46785-7AA0-4AD2-BEF6-AEC93C67FAA3}"
EndProject
Global
	GlobalSection(SolutionConfigurationPlatforms) = preSolution
		Debug|Any CPU = Debug|Any CPU
		Release|Any CPU = Release|Any CPU
	EndGlobalSection
	GlobalSection(ProjectConfigurationPlatforms) = postSolution
		{FFB46785-7AA0-4AD2-BEF6-AEC93C67FAA3}.Debug|Any CPU.ActiveCfg = Debug|Any CPU
		{FFB46785-7AA0-4AD2-BEF6-AEC93C67FAA3}.Debug|Any CPU.Build.0 = Debug|Any CPU
		{FFB46785-7AA0-4AD2-BEF6-AEC93C67FAA3}.Release|Any CPU.ActiveCfg = Release|Any CPU
		{FFB46785-7AA0-4AD2-BEF6-AEC93C67FAA3}.Release|Any CPU.Build.0 = Release|Any CPU
	EndGlobalSection
	GlobalSection(SolutionProperties) = preSolution
		HideSolutionNode = FALSE
	EndGlobalSection
	GlobalSection(ExtensibilityGlobals) = postSolution
		SolutionGuid = {8607DEE4-D7FB-4BA8-A9C6-A5AE7969626C}
	EndGlobalSection
EndGlobal
